PODS:
  - Masonry (1.1.0)
  - SDWebImage (4.2.3):
    - SDWebImage/Core (= 4.2.3)
  - SDWebImage/Core (4.2.3)
  - SwpBanner (2.0.2):
    - SDWebImage

DEPENDENCIES:
  - Masonry
  - SDWebImage
  - SwpBanner (from `../`)

EXTERNAL SOURCES:
  SwpBanner:
    :path: ../

SPEC CHECKSUMS:
  Masonry: 678fab65091a9290e40e2832a55e7ab731aad201
  SDWebImage: 791bb72962b3492327ddcac4b1880bd1b5458431
  SwpBanner: b93190d867822f640c00993a07616b99c2b7431d

PODFILE CHECKSUM: 61ba29f2050c5ea9c67a3d76c90e24bc3ae77633

COCOAPODS: 1.4.0.rc.1
