PODS:
  - Masonry (1.1.0)
  - SDWebImage (5.12.0):
    - SDWebImage/Core (= 5.12.0)
  - SDWebImage/Core (5.12.0)
  - SwpBanner (3.0.1):
    - SDWebImage

DEPENDENCIES:
  - Masonry
  - SwpBanner (from `../`)

SPEC REPOS:
  trunk:
    - Masonry
    - SDWebImage

EXTERNAL SOURCES:
  SwpBanner:
    :path: "../"

SPEC CHECKSUMS:
  Masonry: 678fab65091a9290e40e2832a55e7ab731aad201
  SDWebImage: 4ea20cca2986adc5aacde07aa686742fd4c67a37
  SwpBanner: 7d661f3e6458c6c259039e793afa5f6c1fb8b9b6

PODFILE CHECKSUM: d21948b74c46fb915b4be956be8c59fe7063877c

COCOAPODS: 1.11.2
