// !$*UTF8*$!
{
	archiveVersion = 1;
	classes = {
	};
	objectVersion = 46;
	objects = {

/* Begin PBXBuildFile section */
		2D2B55481E1B9E8500D0871B /* main.m in Sources */ = {isa = PBXBuildFile; fileRef = 2D2B55471E1B9E8500D0871B /* main.m */; };
		2D2B554B1E1B9E8500D0871B /* AppDelegate.m in Sources */ = {isa = PBXBuildFile; fileRef = 2D2B554A1E1B9E8500D0871B /* AppDelegate.m */; };
		2D2B554E1E1B9E8500D0871B /* ViewController.m in Sources */ = {isa = PBXBuildFile; fileRef = 2D2B554D1E1B9E8500D0871B /* ViewController.m */; };
		2D2B55511E1B9E8500D0871B /* Main.storyboard in Resources */ = {isa = PBXBuildFile; fileRef = 2D2B554F1E1B9E8500D0871B /* Main.storyboard */; };
		2D2B55531E1B9E8500D0871B /* Assets.xcassets in Resources */ = {isa = PBXBuildFile; fileRef = 2D2B55521E1B9E8500D0871B /* Assets.xcassets */; };
		2D2B55561E1B9E8500D0871B /* LaunchScreen.storyboard in Resources */ = {isa = PBXBuildFile; fileRef = 2D2B55541E1B9E8500D0871B /* LaunchScreen.storyboard */; };
		C2EC7474468E78D9D188E727 /* libPods-SwpBannerDemo.a in Frameworks */ = {isa = PBXBuildFile; fileRef = 668CC16C260D52B3E8FADD55 /* libPods-SwpBannerDemo.a */; };
/* End PBXBuildFile section */

/* Begin PBXFileReference section */
		2D2B55431E1B9E8500D0871B /* SwpBannerDemo.app */ = {isa = PBXFileReference; explicitFileType = wrapper.application; includeInIndex = 0; path = SwpBannerDemo.app; sourceTree = BUILT_PRODUCTS_DIR; };
		2D2B55471E1B9E8500D0871B /* main.m */ = {isa = PBXFileReference; lastKnownFileType = sourcecode.c.objc; path = main.m; sourceTree = "<group>"; };
		2D2B55491E1B9E8500D0871B /* AppDelegate.h */ = {isa = PBXFileReference; lastKnownFileType = sourcecode.c.h; path = AppDelegate.h; sourceTree = "<group>"; };
		2D2B554A1E1B9E8500D0871B /* AppDelegate.m */ = {isa = PBXFileReference; lastKnownFileType = sourcecode.c.objc; path = AppDelegate.m; sourceTree = "<group>"; };
		2D2B554C1E1B9E8500D0871B /* ViewController.h */ = {isa = PBXFileReference; lastKnownFileType = sourcecode.c.h; path = ViewController.h; sourceTree = "<group>"; };
		2D2B554D1E1B9E8500D0871B /* ViewController.m */ = {isa = PBXFileReference; lastKnownFileType = sourcecode.c.objc; path = ViewController.m; sourceTree = "<group>"; };
		2D2B55501E1B9E8500D0871B /* Base */ = {isa = PBXFileReference; lastKnownFileType = file.storyboard; name = Base; path = Base.lproj/Main.storyboard; sourceTree = "<group>"; };
		2D2B55521E1B9E8500D0871B /* Assets.xcassets */ = {isa = PBXFileReference; lastKnownFileType = folder.assetcatalog; path = Assets.xcassets; sourceTree = "<group>"; };
		2D2B55551E1B9E8500D0871B /* Base */ = {isa = PBXFileReference; lastKnownFileType = file.storyboard; name = Base; path = Base.lproj/LaunchScreen.storyboard; sourceTree = "<group>"; };
		2D2B55571E1B9E8500D0871B /* Info.plist */ = {isa = PBXFileReference; lastKnownFileType = text.plist.xml; path = Info.plist; sourceTree = "<group>"; };
		668CC16C260D52B3E8FADD55 /* libPods-SwpBannerDemo.a */ = {isa = PBXFileReference; explicitFileType = archive.ar; includeInIndex = 0; path = "libPods-SwpBannerDemo.a"; sourceTree = BUILT_PRODUCTS_DIR; };
		DC5F75FA9CF0E87D4A73A731 /* Pods-SwpBannerDemo.release.xcconfig */ = {isa = PBXFileReference; includeInIndex = 1; lastKnownFileType = text.xcconfig; name = "Pods-SwpBannerDemo.release.xcconfig"; path = "Pods/Target Support Files/Pods-SwpBannerDemo/Pods-SwpBannerDemo.release.xcconfig"; sourceTree = "<group>"; };
		F436C0D3F223E82F28928FF2 /* Pods-SwpBannerDemo.debug.xcconfig */ = {isa = PBXFileReference; includeInIndex = 1; lastKnownFileType = text.xcconfig; name = "Pods-SwpBannerDemo.debug.xcconfig"; path = "Pods/Target Support Files/Pods-SwpBannerDemo/Pods-SwpBannerDemo.debug.xcconfig"; sourceTree = "<group>"; };
/* End PBXFileReference section */

/* Begin PBXFrameworksBuildPhase section */
		2D2B55401E1B9E8500D0871B /* Frameworks */ = {
			isa = PBXFrameworksBuildPhase;
			buildActionMask = 2147483647;
			files = (
				C2EC7474468E78D9D188E727 /* libPods-SwpBannerDemo.a in Frameworks */,
			);
			runOnlyForDeploymentPostprocessing = 0;
		};
/* End PBXFrameworksBuildPhase section */

/* Begin PBXGroup section */
		2D2B553A1E1B9E8500D0871B = {
			isa = PBXGroup;
			children = (
				2D2B55451E1B9E8500D0871B /* SwpBannerDemo */,
				2D2B55441E1B9E8500D0871B /* Products */,
				5CFB980A66AF97AFB696A4BD /* Pods */,
				92F7F4B748823B02FB194EAF /* Frameworks */,
			);
			sourceTree = "<group>";
		};
		2D2B55441E1B9E8500D0871B /* Products */ = {
			isa = PBXGroup;
			children = (
				2D2B55431E1B9E8500D0871B /* SwpBannerDemo.app */,
			);
			name = Products;
			sourceTree = "<group>";
		};
		2D2B55451E1B9E8500D0871B /* SwpBannerDemo */ = {
			isa = PBXGroup;
			children = (
				2D2B55491E1B9E8500D0871B /* AppDelegate.h */,
				2D2B554A1E1B9E8500D0871B /* AppDelegate.m */,
				2D2B554C1E1B9E8500D0871B /* ViewController.h */,
				2D2B554D1E1B9E8500D0871B /* ViewController.m */,
				2D2B554F1E1B9E8500D0871B /* Main.storyboard */,
				2D2B55521E1B9E8500D0871B /* Assets.xcassets */,
				2D2B55541E1B9E8500D0871B /* LaunchScreen.storyboard */,
				2D2B55571E1B9E8500D0871B /* Info.plist */,
				2D2B55461E1B9E8500D0871B /* Supporting Files */,
			);
			path = SwpBannerDemo;
			sourceTree = "<group>";
		};
		2D2B55461E1B9E8500D0871B /* Supporting Files */ = {
			isa = PBXGroup;
			children = (
				2D2B55471E1B9E8500D0871B /* main.m */,
			);
			name = "Supporting Files";
			sourceTree = "<group>";
		};
		5CFB980A66AF97AFB696A4BD /* Pods */ = {
			isa = PBXGroup;
			children = (
				F436C0D3F223E82F28928FF2 /* Pods-SwpBannerDemo.debug.xcconfig */,
				DC5F75FA9CF0E87D4A73A731 /* Pods-SwpBannerDemo.release.xcconfig */,
			);
			name = Pods;
			sourceTree = "<group>";
		};
		92F7F4B748823B02FB194EAF /* Frameworks */ = {
			isa = PBXGroup;
			children = (
				668CC16C260D52B3E8FADD55 /* libPods-SwpBannerDemo.a */,
			);
			name = Frameworks;
			sourceTree = "<group>";
		};
/* End PBXGroup section */

/* Begin PBXNativeTarget section */
		2D2B55421E1B9E8500D0871B /* SwpBannerDemo */ = {
			isa = PBXNativeTarget;
			buildConfigurationList = 2D2B555A1E1B9E8500D0871B /* Build configuration list for PBXNativeTarget "SwpBannerDemo" */;
			buildPhases = (
				F1058D9B5268C43E4F8FE093 /* [CP] Check Pods Manifest.lock */,
				2D2B553F1E1B9E8500D0871B /* Sources */,
				2D2B55401E1B9E8500D0871B /* Frameworks */,
				2D2B55411E1B9E8500D0871B /* Resources */,
				4DC55378A450B3B46BB28C6F /* [CP] Embed Pods Frameworks */,
				9455D45362D3AD900D103210 /* [CP] Copy Pods Resources */,
			);
			buildRules = (
			);
			dependencies = (
			);
			name = SwpBannerDemo;
			productName = SwpBannerDemo;
			productReference = 2D2B55431E1B9E8500D0871B /* SwpBannerDemo.app */;
			productType = "com.apple.product-type.application";
		};
/* End PBXNativeTarget section */

/* Begin PBXProject section */
		2D2B553B1E1B9E8500D0871B /* Project object */ = {
			isa = PBXProject;
			attributes = {
				LastUpgradeCheck = 0900;
				ORGANIZATIONNAME = swp_song;
				TargetAttributes = {
					2D2B55421E1B9E8500D0871B = {
						CreatedOnToolsVersion = 8.2.1;
						ProvisioningStyle = Automatic;
					};
				};
			};
			buildConfigurationList = 2D2B553E1E1B9E8500D0871B /* Build configuration list for PBXProject "SwpBannerDemo" */;
			compatibilityVersion = "Xcode 3.2";
			developmentRegion = English;
			hasScannedForEncodings = 0;
			knownRegions = (
				en,
				Base,
			);
			mainGroup = 2D2B553A1E1B9E8500D0871B;
			productRefGroup = 2D2B55441E1B9E8500D0871B /* Products */;
			projectDirPath = "";
			projectRoot = "";
			targets = (
				2D2B55421E1B9E8500D0871B /* SwpBannerDemo */,
			);
		};
/* End PBXProject section */

/* Begin PBXResourcesBuildPhase section */
		2D2B55411E1B9E8500D0871B /* Resources */ = {
			isa = PBXResourcesBuildPhase;
			buildActionMask = 2147483647;
			files = (
				2D2B55561E1B9E8500D0871B /* LaunchScreen.storyboard in Resources */,
				2D2B55531E1B9E8500D0871B /* Assets.xcassets in Resources */,
				2D2B55511E1B9E8500D0871B /* Main.storyboard in Resources */,
			);
			runOnlyForDeploymentPostprocessing = 0;
		};
/* End PBXResourcesBuildPhase section */

/* Begin PBXShellScriptBuildPhase section */
		4DC55378A450B3B46BB28C6F /* [CP] Embed Pods Frameworks */ = {
			isa = PBXShellScriptBuildPhase;
			buildActionMask = 2147483647;
			files = (
			);
			inputPaths = (
			);
			name = "[CP] Embed Pods Frameworks";
			outputPaths = (
			);
			runOnlyForDeploymentPostprocessing = 0;
			shellPath = /bin/sh;
			shellScript = "\"${SRCROOT}/Pods/Target Support Files/Pods-SwpBannerDemo/Pods-SwpBannerDemo-frameworks.sh\"\n";
			showEnvVarsInLog = 0;
		};
		9455D45362D3AD900D103210 /* [CP] Copy Pods Resources */ = {
			isa = PBXShellScriptBuildPhase;
			buildActionMask = 2147483647;
			files = (
			);
			inputPaths = (
				"${SRCROOT}/Pods/Target Support Files/Pods-SwpBannerDemo/Pods-SwpBannerDemo-resources.sh",
				"${PODS_ROOT}/../../SwpBanner/SwpBannerResources/SwpBanner.bundle",
			);
			name = "[CP] Copy Pods Resources";
			outputPaths = (
				"${TARGET_BUILD_DIR}/${UNLOCALIZED_RESOURCES_FOLDER_PATH}/SwpBanner.bundle",
			);
			runOnlyForDeploymentPostprocessing = 0;
			shellPath = /bin/sh;
			shellScript = "\"${SRCROOT}/Pods/Target Support Files/Pods-SwpBannerDemo/Pods-SwpBannerDemo-resources.sh\"\n";
			showEnvVarsInLog = 0;
		};
		F1058D9B5268C43E4F8FE093 /* [CP] Check Pods Manifest.lock */ = {
			isa = PBXShellScriptBuildPhase;
			buildActionMask = 2147483647;
			files = (
			);
			inputPaths = (
				"${PODS_PODFILE_DIR_PATH}/Podfile.lock",
				"${PODS_ROOT}/Manifest.lock",
			);
			name = "[CP] Check Pods Manifest.lock";
			outputPaths = (
				"$(DERIVED_FILE_DIR)/Pods-SwpBannerDemo-checkManifestLockResult.txt",
			);
			runOnlyForDeploymentPostprocessing = 0;
			shellPath = /bin/sh;
			shellScript = "diff \"${PODS_PODFILE_DIR_PATH}/Podfile.lock\" \"${PODS_ROOT}/Manifest.lock\" > /dev/null\nif [ $? != 0 ] ; then\n    # print error to STDERR\n    echo \"error: The sandbox is not in sync with the Podfile.lock. Run 'pod install' or update your CocoaPods installation.\" >&2\n    exit 1\nfi\n# This output is used by Xcode 'outputs' to avoid re-running this script phase.\necho \"SUCCESS\" > \"${SCRIPT_OUTPUT_FILE_0}\"\n";
			showEnvVarsInLog = 0;
		};
/* End PBXShellScriptBuildPhase section */

/* Begin PBXSourcesBuildPhase section */
		2D2B553F1E1B9E8500D0871B /* Sources */ = {
			isa = PBXSourcesBuildPhase;
			buildActionMask = 2147483647;
			files = (
				2D2B554E1E1B9E8500D0871B /* ViewController.m in Sources */,
				2D2B554B1E1B9E8500D0871B /* AppDelegate.m in Sources */,
				2D2B55481E1B9E8500D0871B /* main.m in Sources */,
			);
			runOnlyForDeploymentPostprocessing = 0;
		};
/* End PBXSourcesBuildPhase section */

/* Begin PBXVariantGroup section */
		2D2B554F1E1B9E8500D0871B /* Main.storyboard */ = {
			isa = PBXVariantGroup;
			children = (
				2D2B55501E1B9E8500D0871B /* Base */,
			);
			name = Main.storyboard;
			sourceTree = "<group>";
		};
		2D2B55541E1B9E8500D0871B /* LaunchScreen.storyboard */ = {
			isa = PBXVariantGroup;
			children = (
				2D2B55551E1B9E8500D0871B /* Base */,
			);
			name = LaunchScreen.storyboard;
			sourceTree = "<group>";
		};
/* End PBXVariantGroup section */

/* Begin XCBuildConfiguration section */
		2D2B55581E1B9E8500D0871B /* Debug */ = {
			isa = XCBuildConfiguration;
			buildSettings = {
				ALWAYS_SEARCH_USER_PATHS = NO;
				CLANG_ANALYZER_NONNULL = YES;
				CLANG_CXX_LANGUAGE_STANDARD = "gnu++0x";
				CLANG_CXX_LIBRARY = "libc++";
				CLANG_ENABLE_MODULES = YES;
				CLANG_ENABLE_OBJC_ARC = YES;
				CLANG_WARN_BLOCK_CAPTURE_AUTORELEASING = YES;
				CLANG_WARN_BOOL_CONVERSION = YES;
				CLANG_WARN_COMMA = YES;
				CLANG_WARN_CONSTANT_CONVERSION = YES;
				CLANG_WARN_DIRECT_OBJC_ISA_USAGE = YES_ERROR;
				CLANG_WARN_DOCUMENTATION_COMMENTS = YES;
				CLANG_WARN_EMPTY_BODY = YES;
				CLANG_WARN_ENUM_CONVERSION = YES;
				CLANG_WARN_INFINITE_RECURSION = YES;
				CLANG_WARN_INT_CONVERSION = YES;
				CLANG_WARN_NON_LITERAL_NULL_CONVERSION = YES;
				CLANG_WARN_OBJC_LITERAL_CONVERSION = YES;
				CLANG_WARN_OBJC_ROOT_CLASS = YES_ERROR;
				CLANG_WARN_RANGE_LOOP_ANALYSIS = YES;
				CLANG_WARN_STRICT_PROTOTYPES = YES;
				CLANG_WARN_SUSPICIOUS_MOVE = YES;
				CLANG_WARN_UNREACHABLE_CODE = YES;
				CLANG_WARN__DUPLICATE_METHOD_MATCH = YES;
				"CODE_SIGN_IDENTITY[sdk=iphoneos*]" = "iPhone Developer";
				COPY_PHASE_STRIP = NO;
				DEBUG_INFORMATION_FORMAT = dwarf;
				ENABLE_STRICT_OBJC_MSGSEND = YES;
				ENABLE_TESTABILITY = YES;
				GCC_C_LANGUAGE_STANDARD = gnu99;
				GCC_DYNAMIC_NO_PIC = NO;
				GCC_NO_COMMON_BLOCKS = YES;
				GCC_OPTIMIZATION_LEVEL = 0;
				GCC_PREPROCESSOR_DEFINITIONS = (
					"DEBUG=1",
					"$(inherited)",
				);
				GCC_WARN_64_TO_32_BIT_CONVERSION = YES;
				GCC_WARN_ABOUT_RETURN_TYPE = YES_ERROR;
				GCC_WARN_UNDECLARED_SELECTOR = YES;
				GCC_WARN_UNINITIALIZED_AUTOS = YES_AGGRESSIVE;
				GCC_WARN_UNUSED_FUNCTION = YES;
				GCC_WARN_UNUSED_VARIABLE = YES;
				IPHONEOS_DEPLOYMENT_TARGET = 10.2;
				MTL_ENABLE_DEBUG_INFO = YES;
				ONLY_ACTIVE_ARCH = YES;
				SDKROOT = iphoneos;
			};
			name = Debug;
		};
		2D2B55591E1B9E8500D0871B /* Release */ = {
			isa = XCBuildConfiguration;
			buildSettings = {
				ALWAYS_SEARCH_USER_PATHS = NO;
				CLANG_ANALYZER_NONNULL = YES;
				CLANG_CXX_LANGUAGE_STANDARD = "gnu++0x";
				CLANG_CXX_LIBRARY = "libc++";
				CLANG_ENABLE_MODULES = YES;
				CLANG_ENABLE_OBJC_ARC = YES;
				CLANG_WARN_BLOCK_CAPTURE_AUTORELEASING = YES;
				CLANG_WARN_BOOL_CONVERSION = YES;
				CLANG_WARN_COMMA = YES;
				CLANG_WARN_CONSTANT_CONVERSION = YES;
				CLANG_WARN_DIRECT_OBJC_ISA_USAGE = YES_ERROR;
				CLANG_WARN_DOCUMENTATION_COMMENTS = YES;
				CLANG_WARN_EMPTY_BODY = YES;
				CLANG_WARN_ENUM_CONVERSION = YES;
				CLANG_WARN_INFINITE_RECURSION = YES;
				CLANG_WARN_INT_CONVERSION = YES;
				CLANG_WARN_NON_LITERAL_NULL_CONVERSION = YES;
				CLANG_WARN_OBJC_LITERAL_CONVERSION = YES;
				CLANG_WARN_OBJC_ROOT_CLASS = YES_ERROR;
				CLANG_WARN_RANGE_LOOP_ANALYSIS = YES;
				CLANG_WARN_STRICT_PROTOTYPES = YES;
				CLANG_WARN_SUSPICIOUS_MOVE = YES;
				CLANG_WARN_UNREACHABLE_CODE = YES;
				CLANG_WARN__DUPLICATE_METHOD_MATCH = YES;
				"CODE_SIGN_IDENTITY[sdk=iphoneos*]" = "iPhone Developer";
				COPY_PHASE_STRIP = NO;
				DEBUG_INFORMATION_FORMAT = "dwarf-with-dsym";
				ENABLE_NS_ASSERTIONS = NO;
				ENABLE_STRICT_OBJC_MSGSEND = YES;
				GCC_C_LANGUAGE_STANDARD = gnu99;
				GCC_NO_COMMON_BLOCKS = YES;
				GCC_WARN_64_TO_32_BIT_CONVERSION = YES;
				GCC_WARN_ABOUT_RETURN_TYPE = YES_ERROR;
				GCC_WARN_UNDECLARED_SELECTOR = YES;
				GCC_WARN_UNINITIALIZED_AUTOS = YES_AGGRESSIVE;
				GCC_WARN_UNUSED_FUNCTION = YES;
				GCC_WARN_UNUSED_VARIABLE = YES;
				IPHONEOS_DEPLOYMENT_TARGET = 10.2;
				MTL_ENABLE_DEBUG_INFO = NO;
				SDKROOT = iphoneos;
				VALIDATE_PRODUCT = YES;
			};
			name = Release;
		};
		2D2B555B1E1B9E8500D0871B /* Debug */ = {
			isa = XCBuildConfiguration;
			baseConfigurationReference = F436C0D3F223E82F28928FF2 /* Pods-SwpBannerDemo.debug.xcconfig */;
			buildSettings = {
				ASSETCATALOG_COMPILER_APPICON_NAME = AppIcon;
				INFOPLIST_FILE = SwpBannerDemo/Info.plist;
				IPHONEOS_DEPLOYMENT_TARGET = 11.2;
				LD_RUNPATH_SEARCH_PATHS = "$(inherited) @executable_path/Frameworks";
				PRODUCT_BUNDLE_IDENTIFIER = "swp-song.SwpBannerDemo";
				PRODUCT_NAME = "$(TARGET_NAME)";
			};
			name = Debug;
		};
		2D2B555C1E1B9E8500D0871B /* Release */ = {
			isa = XCBuildConfiguration;
			baseConfigurationReference = DC5F75FA9CF0E87D4A73A731 /* Pods-SwpBannerDemo.release.xcconfig */;
			buildSettings = {
				ASSETCATALOG_COMPILER_APPICON_NAME = AppIcon;
				INFOPLIST_FILE = SwpBannerDemo/Info.plist;
				IPHONEOS_DEPLOYMENT_TARGET = 11.2;
				LD_RUNPATH_SEARCH_PATHS = "$(inherited) @executable_path/Frameworks";
				PRODUCT_BUNDLE_IDENTIFIER = "swp-song.SwpBannerDemo";
				PRODUCT_NAME = "$(TARGET_NAME)";
			};
			name = Release;
		};
/* End XCBuildConfiguration section */

/* Begin XCConfigurationList section */
		2D2B553E1E1B9E8500D0871B /* Build configuration list for PBXProject "SwpBannerDemo" */ = {
			isa = XCConfigurationList;
			buildConfigurations = (
				2D2B55581E1B9E8500D0871B /* Debug */,
				2D2B55591E1B9E8500D0871B /* Release */,
			);
			defaultConfigurationIsVisible = 0;
			defaultConfigurationName = Release;
		};
		2D2B555A1E1B9E8500D0871B /* Build configuration list for PBXNativeTarget "SwpBannerDemo" */ = {
			isa = XCConfigurationList;
			buildConfigurations = (
				2D2B555B1E1B9E8500D0871B /* Debug */,
				2D2B555C1E1B9E8500D0871B /* Release */,
			);
			defaultConfigurationIsVisible = 0;
			defaultConfigurationName = Release;
		};
/* End XCConfigurationList section */
	};
	rootObject = 2D2B553B1E1B9E8500D0871B /* Project object */;
}
