// !$*UTF8*$!
{
	archiveVersion = 1;
	classes = {
	};
	objectVersion = 55;
	objects = {

/* Begin PBXBuildFile section */
		F1273CC627188DD80069FD2A /* Assets.xcassets in Resources */ = {isa = PBXBuildFile; fileRef = F1273CB527188DD80069FD2A /* Assets.xcassets */; };
		F1273CC727188DD80069FD2A /* LaunchScreen.storyboard in Resources */ = {isa = PBXBuildFile; fileRef = F1273CB627188DD80069FD2A /* LaunchScreen.storyboard */; };
		F1273CC827188DD80069FD2A /* Main.storyboard in Resources */ = {isa = PBXBuildFile; fileRef = F1273CB827188DD80069FD2A /* Main.storyboard */; };
		F1273CCA27188DD80069FD2A /* SceneDelegate.m in Sources */ = {isa = PBXBuildFile; fileRef = F1273CBE27188DD80069FD2A /* SceneDelegate.m */; };
		F1273CCB27188DD80069FD2A /* main.m in Sources */ = {isa = PBXBuildFile; fileRef = F1273CBF27188DD80069FD2A /* main.m */; };
		F1273CCC27188DD80069FD2A /* AppDelegate.m in Sources */ = {isa = PBXBuildFile; fileRef = F1273CC027188DD80069FD2A /* AppDelegate.m */; };
		F1273D22271894D80069FD2A /* SwpBanner.framework in Frameworks */ = {isa = PBXBuildFile; fileRef = F1273D192718912F0069FD2A /* SwpBanner.framework */; };
		F1273D23271894D80069FD2A /* SwpBanner.framework in Embed Frameworks */ = {isa = PBXBuildFile; fileRef = F1273D192718912F0069FD2A /* SwpBanner.framework */; settings = {ATTRIBUTES = (CodeSignOnCopy, RemoveHeadersOnCopy, ); }; };
		F1273D30271898C40069FD2A /* MainController.m in Sources */ = {isa = PBXBuildFile; fileRef = F1273D2F271898C40069FD2A /* MainController.m */; };
		F1273D3627189D5C0069FD2A /* SwpBannerController1.m in Sources */ = {isa = PBXBuildFile; fileRef = F1273D3527189D5C0069FD2A /* SwpBannerController1.m */; };
		F1273D3927189D740069FD2A /* SwpBannerController2.m in Sources */ = {isa = PBXBuildFile; fileRef = F1273D3827189D740069FD2A /* SwpBannerController2.m */; };
/* End PBXBuildFile section */

/* Begin PBXContainerItemProxy section */
		F1273D182718912F0069FD2A /* PBXContainerItemProxy */ = {
			isa = PBXContainerItemProxy;
			containerPortal = F1273D132718912E0069FD2A /* SwpBanner.xcodeproj */;
			proxyType = 2;
			remoteGlobalIDString = F1273CD327188EEC0069FD2A;
			remoteInfo = SwpBanner;
		};
		F1273D1A2718912F0069FD2A /* PBXContainerItemProxy */ = {
			isa = PBXContainerItemProxy;
			containerPortal = F1273D132718912E0069FD2A /* SwpBanner.xcodeproj */;
			proxyType = 2;
			remoteGlobalIDString = F1273CDA27188EED0069FD2A;
			remoteInfo = Tests;
		};
/* End PBXContainerItemProxy section */

/* Begin PBXCopyFilesBuildPhase section */
		F1273D24271894D80069FD2A /* Embed Frameworks */ = {
			isa = PBXCopyFilesBuildPhase;
			buildActionMask = 2147483647;
			dstPath = "";
			dstSubfolderSpec = 10;
			files = (
				F1273D23271894D80069FD2A /* SwpBanner.framework in Embed Frameworks */,
			);
			name = "Embed Frameworks";
			runOnlyForDeploymentPostprocessing = 0;
		};
/* End PBXCopyFilesBuildPhase section */

/* Begin PBXFileReference section */
		F1273C9727188D5D0069FD2A /* Example.app */ = {isa = PBXFileReference; explicitFileType = wrapper.application; includeInIndex = 0; path = Example.app; sourceTree = BUILT_PRODUCTS_DIR; };
		F1273CB527188DD80069FD2A /* Assets.xcassets */ = {isa = PBXFileReference; lastKnownFileType = folder.assetcatalog; path = Assets.xcassets; sourceTree = "<group>"; };
		F1273CB727188DD80069FD2A /* Base */ = {isa = PBXFileReference; lastKnownFileType = file.storyboard; name = Base; path = Base.lproj/LaunchScreen.storyboard; sourceTree = "<group>"; };
		F1273CB927188DD80069FD2A /* Base */ = {isa = PBXFileReference; lastKnownFileType = file.storyboard; name = Base; path = Base.lproj/Main.storyboard; sourceTree = "<group>"; };
		F1273CBB27188DD80069FD2A /* Info.plist */ = {isa = PBXFileReference; fileEncoding = 4; lastKnownFileType = text.plist.xml; path = Info.plist; sourceTree = "<group>"; };
		F1273CBD27188DD80069FD2A /* AppDelegate.h */ = {isa = PBXFileReference; fileEncoding = 4; lastKnownFileType = sourcecode.c.h; path = AppDelegate.h; sourceTree = "<group>"; };
		F1273CBE27188DD80069FD2A /* SceneDelegate.m */ = {isa = PBXFileReference; fileEncoding = 4; lastKnownFileType = sourcecode.c.objc; path = SceneDelegate.m; sourceTree = "<group>"; };
		F1273CBF27188DD80069FD2A /* main.m */ = {isa = PBXFileReference; fileEncoding = 4; lastKnownFileType = sourcecode.c.objc; path = main.m; sourceTree = "<group>"; };
		F1273CC027188DD80069FD2A /* AppDelegate.m */ = {isa = PBXFileReference; fileEncoding = 4; lastKnownFileType = sourcecode.c.objc; path = AppDelegate.m; sourceTree = "<group>"; };
		F1273CC127188DD80069FD2A /* SceneDelegate.h */ = {isa = PBXFileReference; fileEncoding = 4; lastKnownFileType = sourcecode.c.h; path = SceneDelegate.h; sourceTree = "<group>"; };
		F1273D132718912E0069FD2A /* SwpBanner.xcodeproj */ = {isa = PBXFileReference; lastKnownFileType = "wrapper.pb-project"; name = SwpBanner.xcodeproj; path = ../SwpBanner.xcodeproj; sourceTree = "<group>"; };
		F1273D2E271898C40069FD2A /* MainController.h */ = {isa = PBXFileReference; lastKnownFileType = sourcecode.c.h; path = MainController.h; sourceTree = "<group>"; };
		F1273D2F271898C40069FD2A /* MainController.m */ = {isa = PBXFileReference; lastKnownFileType = sourcecode.c.objc; path = MainController.m; sourceTree = "<group>"; };
		F1273D3427189D5C0069FD2A /* SwpBannerController1.h */ = {isa = PBXFileReference; lastKnownFileType = sourcecode.c.h; path = SwpBannerController1.h; sourceTree = "<group>"; };
		F1273D3527189D5C0069FD2A /* SwpBannerController1.m */ = {isa = PBXFileReference; lastKnownFileType = sourcecode.c.objc; path = SwpBannerController1.m; sourceTree = "<group>"; };
		F1273D3727189D740069FD2A /* SwpBannerController2.h */ = {isa = PBXFileReference; lastKnownFileType = sourcecode.c.h; path = SwpBannerController2.h; sourceTree = "<group>"; };
		F1273D3827189D740069FD2A /* SwpBannerController2.m */ = {isa = PBXFileReference; lastKnownFileType = sourcecode.c.objc; path = SwpBannerController2.m; sourceTree = "<group>"; };
/* End PBXFileReference section */

/* Begin PBXFrameworksBuildPhase section */
		F1273C9427188D5D0069FD2A /* Frameworks */ = {
			isa = PBXFrameworksBuildPhase;
			buildActionMask = 2147483647;
			files = (
				F1273D22271894D80069FD2A /* SwpBanner.framework in Frameworks */,
			);
			runOnlyForDeploymentPostprocessing = 0;
		};
/* End PBXFrameworksBuildPhase section */

/* Begin PBXGroup section */
		F1273C8E27188D5D0069FD2A = {
			isa = PBXGroup;
			children = (
				F1273CB327188DD80069FD2A /* Application */,
				F1273CC527188DD80069FD2A /* Resource */,
				F1273C9827188D5D0069FD2A /* Products */,
				F1273D1C2718915D0069FD2A /* Frameworks */,
				F1273D132718912E0069FD2A /* SwpBanner.xcodeproj */,
			);
			sourceTree = "<group>";
		};
		F1273C9827188D5D0069FD2A /* Products */ = {
			isa = PBXGroup;
			children = (
				F1273C9727188D5D0069FD2A /* Example.app */,
			);
			name = Products;
			sourceTree = "<group>";
		};
		F1273CB327188DD80069FD2A /* Application */ = {
			isa = PBXGroup;
			children = (
				F1273CBC27188DD80069FD2A /* Main */,
				F1273CBA27188DD80069FD2A /* Resource */,
				F1273CB427188DD80069FD2A /* Storyboard */,
			);
			path = Application;
			sourceTree = "<group>";
		};
		F1273CB427188DD80069FD2A /* Storyboard */ = {
			isa = PBXGroup;
			children = (
				F1273CB827188DD80069FD2A /* Main.storyboard */,
				F1273CB627188DD80069FD2A /* LaunchScreen.storyboard */,
				F1273CC227188DD80069FD2A /* Code */,
			);
			path = Storyboard;
			sourceTree = "<group>";
		};
		F1273CBA27188DD80069FD2A /* Resource */ = {
			isa = PBXGroup;
			children = (
				F1273CBB27188DD80069FD2A /* Info.plist */,
				F1273CB527188DD80069FD2A /* Assets.xcassets */,
			);
			path = Resource;
			sourceTree = "<group>";
		};
		F1273CBC27188DD80069FD2A /* Main */ = {
			isa = PBXGroup;
			children = (
				F1273CBF27188DD80069FD2A /* main.m */,
				F1273CBD27188DD80069FD2A /* AppDelegate.h */,
				F1273CC027188DD80069FD2A /* AppDelegate.m */,
				F1273CC127188DD80069FD2A /* SceneDelegate.h */,
				F1273CBE27188DD80069FD2A /* SceneDelegate.m */,
			);
			path = Main;
			sourceTree = "<group>";
		};
		F1273CC227188DD80069FD2A /* Code */ = {
			isa = PBXGroup;
			children = (
				F1273D2E271898C40069FD2A /* MainController.h */,
				F1273D2F271898C40069FD2A /* MainController.m */,
				F1273D3427189D5C0069FD2A /* SwpBannerController1.h */,
				F1273D3527189D5C0069FD2A /* SwpBannerController1.m */,
				F1273D3727189D740069FD2A /* SwpBannerController2.h */,
				F1273D3827189D740069FD2A /* SwpBannerController2.m */,
			);
			path = Code;
			sourceTree = "<group>";
		};
		F1273CC527188DD80069FD2A /* Resource */ = {
			isa = PBXGroup;
			children = (
			);
			path = Resource;
			sourceTree = "<group>";
		};
		F1273D142718912E0069FD2A /* Products */ = {
			isa = PBXGroup;
			children = (
				F1273D192718912F0069FD2A /* SwpBanner.framework */,
				F1273D1B2718912F0069FD2A /* Tests.xctest */,
			);
			name = Products;
			sourceTree = "<group>";
		};
		F1273D1C2718915D0069FD2A /* Frameworks */ = {
			isa = PBXGroup;
			children = (
			);
			name = Frameworks;
			sourceTree = "<group>";
		};
/* End PBXGroup section */

/* Begin PBXNativeTarget section */
		F1273C9627188D5D0069FD2A /* Example */ = {
			isa = PBXNativeTarget;
			buildConfigurationList = F1273CB027188D5E0069FD2A /* Build configuration list for PBXNativeTarget "Example" */;
			buildPhases = (
				F1273C9327188D5D0069FD2A /* Sources */,
				F1273C9427188D5D0069FD2A /* Frameworks */,
				F1273C9527188D5D0069FD2A /* Resources */,
				F1273D24271894D80069FD2A /* Embed Frameworks */,
			);
			buildRules = (
			);
			dependencies = (
			);
			name = Example;
			productName = Example;
			productReference = F1273C9727188D5D0069FD2A /* Example.app */;
			productType = "com.apple.product-type.application";
		};
/* End PBXNativeTarget section */

/* Begin PBXProject section */
		F1273C8F27188D5D0069FD2A /* Project object */ = {
			isa = PBXProject;
			attributes = {
				BuildIndependentTargetsInParallel = 1;
				LastUpgradeCheck = 1300;
				TargetAttributes = {
					F1273C9627188D5D0069FD2A = {
						CreatedOnToolsVersion = 13.0;
					};
				};
			};
			buildConfigurationList = F1273C9227188D5D0069FD2A /* Build configuration list for PBXProject "Example" */;
			compatibilityVersion = "Xcode 13.0";
			developmentRegion = en;
			hasScannedForEncodings = 0;
			knownRegions = (
				en,
				Base,
			);
			mainGroup = F1273C8E27188D5D0069FD2A;
			productRefGroup = F1273C9827188D5D0069FD2A /* Products */;
			projectDirPath = "";
			projectReferences = (
				{
					ProductGroup = F1273D142718912E0069FD2A /* Products */;
					ProjectRef = F1273D132718912E0069FD2A /* SwpBanner.xcodeproj */;
				},
			);
			projectRoot = "";
			targets = (
				F1273C9627188D5D0069FD2A /* Example */,
			);
		};
/* End PBXProject section */

/* Begin PBXReferenceProxy section */
		F1273D192718912F0069FD2A /* SwpBanner.framework */ = {
			isa = PBXReferenceProxy;
			fileType = wrapper.framework;
			path = SwpBanner.framework;
			remoteRef = F1273D182718912F0069FD2A /* PBXContainerItemProxy */;
			sourceTree = BUILT_PRODUCTS_DIR;
		};
		F1273D1B2718912F0069FD2A /* Tests.xctest */ = {
			isa = PBXReferenceProxy;
			fileType = wrapper.cfbundle;
			path = Tests.xctest;
			remoteRef = F1273D1A2718912F0069FD2A /* PBXContainerItemProxy */;
			sourceTree = BUILT_PRODUCTS_DIR;
		};
/* End PBXReferenceProxy section */

/* Begin PBXResourcesBuildPhase section */
		F1273C9527188D5D0069FD2A /* Resources */ = {
			isa = PBXResourcesBuildPhase;
			buildActionMask = 2147483647;
			files = (
				F1273CC827188DD80069FD2A /* Main.storyboard in Resources */,
				F1273CC627188DD80069FD2A /* Assets.xcassets in Resources */,
				F1273CC727188DD80069FD2A /* LaunchScreen.storyboard in Resources */,
			);
			runOnlyForDeploymentPostprocessing = 0;
		};
/* End PBXResourcesBuildPhase section */

/* Begin PBXSourcesBuildPhase section */
		F1273C9327188D5D0069FD2A /* Sources */ = {
			isa = PBXSourcesBuildPhase;
			buildActionMask = 2147483647;
			files = (
				F1273CCB27188DD80069FD2A /* main.m in Sources */,
				F1273CCA27188DD80069FD2A /* SceneDelegate.m in Sources */,
				F1273D3627189D5C0069FD2A /* SwpBannerController1.m in Sources */,
				F1273D30271898C40069FD2A /* MainController.m in Sources */,
				F1273CCC27188DD80069FD2A /* AppDelegate.m in Sources */,
				F1273D3927189D740069FD2A /* SwpBannerController2.m in Sources */,
			);
			runOnlyForDeploymentPostprocessing = 0;
		};
/* End PBXSourcesBuildPhase section */

/* Begin PBXVariantGroup section */
		F1273CB627188DD80069FD2A /* LaunchScreen.storyboard */ = {
			isa = PBXVariantGroup;
			children = (
				F1273CB727188DD80069FD2A /* Base */,
			);
			name = LaunchScreen.storyboard;
			sourceTree = "<group>";
		};
		F1273CB827188DD80069FD2A /* Main.storyboard */ = {
			isa = PBXVariantGroup;
			children = (
				F1273CB927188DD80069FD2A /* Base */,
			);
			name = Main.storyboard;
			sourceTree = "<group>";
		};
/* End PBXVariantGroup section */

/* Begin XCBuildConfiguration section */
		F1273CAE27188D5E0069FD2A /* Debug */ = {
			isa = XCBuildConfiguration;
			buildSettings = {
				ALWAYS_SEARCH_USER_PATHS = NO;
				CLANG_ANALYZER_NONNULL = YES;
				CLANG_ANALYZER_NUMBER_OBJECT_CONVERSION = YES_AGGRESSIVE;
				CLANG_CXX_LANGUAGE_STANDARD = "gnu++17";
				CLANG_CXX_LIBRARY = "libc++";
				CLANG_ENABLE_MODULES = YES;
				CLANG_ENABLE_OBJC_ARC = YES;
				CLANG_ENABLE_OBJC_WEAK = YES;
				CLANG_WARN_BLOCK_CAPTURE_AUTORELEASING = YES;
				CLANG_WARN_BOOL_CONVERSION = YES;
				CLANG_WARN_COMMA = YES;
				CLANG_WARN_CONSTANT_CONVERSION = YES;
				CLANG_WARN_DEPRECATED_OBJC_IMPLEMENTATIONS = YES;
				CLANG_WARN_DIRECT_OBJC_ISA_USAGE = YES_ERROR;
				CLANG_WARN_DOCUMENTATION_COMMENTS = YES;
				CLANG_WARN_EMPTY_BODY = YES;
				CLANG_WARN_ENUM_CONVERSION = YES;
				CLANG_WARN_INFINITE_RECURSION = YES;
				CLANG_WARN_INT_CONVERSION = YES;
				CLANG_WARN_NON_LITERAL_NULL_CONVERSION = YES;
				CLANG_WARN_OBJC_IMPLICIT_RETAIN_SELF = YES;
				CLANG_WARN_OBJC_LITERAL_CONVERSION = YES;
				CLANG_WARN_OBJC_ROOT_CLASS = YES_ERROR;
				CLANG_WARN_QUOTED_INCLUDE_IN_FRAMEWORK_HEADER = YES;
				CLANG_WARN_RANGE_LOOP_ANALYSIS = YES;
				CLANG_WARN_STRICT_PROTOTYPES = YES;
				CLANG_WARN_SUSPICIOUS_MOVE = YES;
				CLANG_WARN_UNGUARDED_AVAILABILITY = YES_AGGRESSIVE;
				CLANG_WARN_UNREACHABLE_CODE = YES;
				CLANG_WARN__DUPLICATE_METHOD_MATCH = YES;
				COPY_PHASE_STRIP = NO;
				DEBUG_INFORMATION_FORMAT = dwarf;
				ENABLE_STRICT_OBJC_MSGSEND = YES;
				ENABLE_TESTABILITY = YES;
				GCC_C_LANGUAGE_STANDARD = gnu11;
				GCC_DYNAMIC_NO_PIC = NO;
				GCC_NO_COMMON_BLOCKS = YES;
				GCC_OPTIMIZATION_LEVEL = 0;
				GCC_PREPROCESSOR_DEFINITIONS = (
					"DEBUG=1",
					"$(inherited)",
				);
				GCC_WARN_64_TO_32_BIT_CONVERSION = YES;
				GCC_WARN_ABOUT_RETURN_TYPE = YES_ERROR;
				GCC_WARN_UNDECLARED_SELECTOR = YES;
				GCC_WARN_UNINITIALIZED_AUTOS = YES_AGGRESSIVE;
				GCC_WARN_UNUSED_FUNCTION = YES;
				GCC_WARN_UNUSED_VARIABLE = YES;
				IPHONEOS_DEPLOYMENT_TARGET = 15.0;
				MTL_ENABLE_DEBUG_INFO = INCLUDE_SOURCE;
				MTL_FAST_MATH = YES;
				ONLY_ACTIVE_ARCH = YES;
				SDKROOT = iphoneos;
			};
			name = Debug;
		};
		F1273CAF27188D5E0069FD2A /* Release */ = {
			isa = XCBuildConfiguration;
			buildSettings = {
				ALWAYS_SEARCH_USER_PATHS = NO;
				CLANG_ANALYZER_NONNULL = YES;
				CLANG_ANALYZER_NUMBER_OBJECT_CONVERSION = YES_AGGRESSIVE;
				CLANG_CXX_LANGUAGE_STANDARD = "gnu++17";
				CLANG_CXX_LIBRARY = "libc++";
				CLANG_ENABLE_MODULES = YES;
				CLANG_ENABLE_OBJC_ARC = YES;
				CLANG_ENABLE_OBJC_WEAK = YES;
				CLANG_WARN_BLOCK_CAPTURE_AUTORELEASING = YES;
				CLANG_WARN_BOOL_CONVERSION = YES;
				CLANG_WARN_COMMA = YES;
				CLANG_WARN_CONSTANT_CONVERSION = YES;
				CLANG_WARN_DEPRECATED_OBJC_IMPLEMENTATIONS = YES;
				CLANG_WARN_DIRECT_OBJC_ISA_USAGE = YES_ERROR;
				CLANG_WARN_DOCUMENTATION_COMMENTS = YES;
				CLANG_WARN_EMPTY_BODY = YES;
				CLANG_WARN_ENUM_CONVERSION = YES;
				CLANG_WARN_INFINITE_RECURSION = YES;
				CLANG_WARN_INT_CONVERSION = YES;
				CLANG_WARN_NON_LITERAL_NULL_CONVERSION = YES;
				CLANG_WARN_OBJC_IMPLICIT_RETAIN_SELF = YES;
				CLANG_WARN_OBJC_LITERAL_CONVERSION = YES;
				CLANG_WARN_OBJC_ROOT_CLASS = YES_ERROR;
				CLANG_WARN_QUOTED_INCLUDE_IN_FRAMEWORK_HEADER = YES;
				CLANG_WARN_RANGE_LOOP_ANALYSIS = YES;
				CLANG_WARN_STRICT_PROTOTYPES = YES;
				CLANG_WARN_SUSPICIOUS_MOVE = YES;
				CLANG_WARN_UNGUARDED_AVAILABILITY = YES_AGGRESSIVE;
				CLANG_WARN_UNREACHABLE_CODE = YES;
				CLANG_WARN__DUPLICATE_METHOD_MATCH = YES;
				COPY_PHASE_STRIP = NO;
				DEBUG_INFORMATION_FORMAT = "dwarf-with-dsym";
				ENABLE_NS_ASSERTIONS = NO;
				ENABLE_STRICT_OBJC_MSGSEND = YES;
				GCC_C_LANGUAGE_STANDARD = gnu11;
				GCC_NO_COMMON_BLOCKS = YES;
				GCC_WARN_64_TO_32_BIT_CONVERSION = YES;
				GCC_WARN_ABOUT_RETURN_TYPE = YES_ERROR;
				GCC_WARN_UNDECLARED_SELECTOR = YES;
				GCC_WARN_UNINITIALIZED_AUTOS = YES_AGGRESSIVE;
				GCC_WARN_UNUSED_FUNCTION = YES;
				GCC_WARN_UNUSED_VARIABLE = YES;
				IPHONEOS_DEPLOYMENT_TARGET = 15.0;
				MTL_ENABLE_DEBUG_INFO = NO;
				MTL_FAST_MATH = YES;
				SDKROOT = iphoneos;
				VALIDATE_PRODUCT = YES;
			};
			name = Release;
		};
		F1273CB127188D5E0069FD2A /* Debug */ = {
			isa = XCBuildConfiguration;
			buildSettings = {
				ASSETCATALOG_COMPILER_APPICON_NAME = AppIcon;
				ASSETCATALOG_COMPILER_GLOBAL_ACCENT_COLOR_NAME = AccentColor;
				CODE_SIGN_STYLE = Automatic;
				CURRENT_PROJECT_VERSION = 4.0.0;
				DEVELOPMENT_TEAM = 3U34V92LTL;
				GENERATE_INFOPLIST_FILE = YES;
				INFOPLIST_FILE = Application/Resource/Info.plist;
				INFOPLIST_KEY_UIApplicationSupportsIndirectInputEvents = YES;
				INFOPLIST_KEY_UILaunchStoryboardName = LaunchScreen;
				INFOPLIST_KEY_UIMainStoryboardFile = Main;
				INFOPLIST_KEY_UISupportedInterfaceOrientations_iPad = "UIInterfaceOrientationPortrait UIInterfaceOrientationPortraitUpsideDown UIInterfaceOrientationLandscapeLeft UIInterfaceOrientationLandscapeRight";
				INFOPLIST_KEY_UISupportedInterfaceOrientations_iPhone = "UIInterfaceOrientationPortrait UIInterfaceOrientationLandscapeLeft UIInterfaceOrientationLandscapeRight";
				LD_RUNPATH_SEARCH_PATHS = (
					"$(inherited)",
					"@executable_path/Frameworks",
				);
				MARKETING_VERSION = 4.0.0;
				PRODUCT_BUNDLE_IDENTIFIER = "com.dream-swp.banner.example";
				PRODUCT_NAME = "$(TARGET_NAME)";
				SWIFT_EMIT_LOC_STRINGS = YES;
				TARGETED_DEVICE_FAMILY = "1,2";
			};
			name = Debug;
		};
		F1273CB227188D5E0069FD2A /* Release */ = {
			isa = XCBuildConfiguration;
			buildSettings = {
				ASSETCATALOG_COMPILER_APPICON_NAME = AppIcon;
				ASSETCATALOG_COMPILER_GLOBAL_ACCENT_COLOR_NAME = AccentColor;
				CODE_SIGN_STYLE = Automatic;
				CURRENT_PROJECT_VERSION = 4.0.0;
				DEVELOPMENT_TEAM = 3U34V92LTL;
				GENERATE_INFOPLIST_FILE = YES;
				INFOPLIST_FILE = Application/Resource/Info.plist;
				INFOPLIST_KEY_UIApplicationSupportsIndirectInputEvents = YES;
				INFOPLIST_KEY_UILaunchStoryboardName = LaunchScreen;
				INFOPLIST_KEY_UIMainStoryboardFile = Main;
				INFOPLIST_KEY_UISupportedInterfaceOrientations_iPad = "UIInterfaceOrientationPortrait UIInterfaceOrientationPortraitUpsideDown UIInterfaceOrientationLandscapeLeft UIInterfaceOrientationLandscapeRight";
				INFOPLIST_KEY_UISupportedInterfaceOrientations_iPhone = "UIInterfaceOrientationPortrait UIInterfaceOrientationLandscapeLeft UIInterfaceOrientationLandscapeRight";
				LD_RUNPATH_SEARCH_PATHS = (
					"$(inherited)",
					"@executable_path/Frameworks",
				);
				MARKETING_VERSION = 4.0.0;
				PRODUCT_BUNDLE_IDENTIFIER = "com.dream-swp.banner.example";
				PRODUCT_NAME = "$(TARGET_NAME)";
				SWIFT_EMIT_LOC_STRINGS = YES;
				TARGETED_DEVICE_FAMILY = "1,2";
			};
			name = Release;
		};
/* End XCBuildConfiguration section */

/* Begin XCConfigurationList section */
		F1273C9227188D5D0069FD2A /* Build configuration list for PBXProject "Example" */ = {
			isa = XCConfigurationList;
			buildConfigurations = (
				F1273CAE27188D5E0069FD2A /* Debug */,
				F1273CAF27188D5E0069FD2A /* Release */,
			);
			defaultConfigurationIsVisible = 0;
			defaultConfigurationName = Release;
		};
		F1273CB027188D5E0069FD2A /* Build configuration list for PBXNativeTarget "Example" */ = {
			isa = XCConfigurationList;
			buildConfigurations = (
				F1273CB127188D5E0069FD2A /* Debug */,
				F1273CB227188D5E0069FD2A /* Release */,
			);
			defaultConfigurationIsVisible = 0;
			defaultConfigurationName = Release;
		};
/* End XCConfigurationList section */
	};
	rootObject = F1273C8F27188D5D0069FD2A /* Project object */;
}
